{
  "pins" : [
    {
      "identity" : "aachartkit-swift",
      "kind" : "remoteSourceControl",
      "location" : "https://github.com/AAChartModel/AAChartKit-Swift.git",
      "state" : {
        "branch" : "master",
        "revision" : "333cabf14360dc5faebbd6390c6120f47bbd998c"
      }
    },
    {
      "identity" : "lottie-ios",
      "kind" : "remoteSourceControl",
      "location" : "https://github.com/airbnb/lottie-ios.git",
      "state" : {
        "revision" : "b3c60ba1716baab6faeeb217d8ce1da336f92718",
        "version" : "3.2.1"
      }
    }
  ],
  "version" : 2
}
